<Solution>
  <Folder Name="/backend/">
    <Project Path="backend/HotelReservation.Api/HotelReservation.API/HotelReservation.API.csproj" />
    <Project Path="backend/HotelReservation.Api/HotelReservation.Application/HotelReservation.Application.csproj" />
    <Project Path="backend/HotelReservation.Api/HotelReservation.Domain/HotelReservation.Domain.csproj" />
    <Project Path="backend/HotelReservation.Api/HotelReservation.Infrastructure/HotelReservation.Infrastructure.csproj" />
  </Folder>
</Solution>
